
Microsoft Visual Studio Solution File, Format Version 12.00
# Visual Studio Version 17
VisualStudioVersion = 17.9.34728.123
MinimumVisualStudioVersion = 10.0.40219.1
Project("{FAE04EC0-301F-11D3-BF4B-00C04F79EFBC}") = "house_rentals", "house_rentals.csproj", "{AC3CA930-9ACC-4096-BBA9-8FE01BD54F94}"
EndProject
Global
	GlobalSection(SolutionConfigurationPlatforms) = preSolution
		Debug|Any CPU = Debug|Any CPU
		Release|Any CPU = Release|Any CPU
	EndGlobalSection
	GlobalSection(ProjectConfigurationPlatforms) = postSolution
		{AC3CA930-9ACC-4096-BBA9-8FE01BD54F94}.Debug|Any CPU.ActiveCfg = Debug|Any CPU
		{AC3CA930-9ACC-4096-BBA9-8FE01BD54F94}.Debug|Any CPU.Build.0 = Debug|Any CPU
		{AC3CA930-9ACC-4096-BBA9-8FE01BD54F94}.Release|Any CPU.ActiveCfg = Release|Any CPU
		{AC3CA930-9ACC-4096-BBA9-8FE01BD54F94}.Release|Any CPU.Build.0 = Release|Any CPU
	EndGlobalSection
	GlobalSection(SolutionProperties) = preSolution
		HideSolutionNode = FALSE
	EndGlobalSection
	GlobalSection(ExtensibilityGlobals) = postSolution
		SolutionGuid = {426B3F6A-4508-4C6B-9834-EB2B9A533CA7}
	EndGlobalSection
EndGlobal
